
Microsoft Visual Studio Solution File, Format Version 12.00
# Visual Studio Version 16
VisualStudioVersion = 16.0.29519.181
MinimumVisualStudioVersion = 10.0.40219.1
Project("{FAE04EC0-301F-11D3-BF4B-00C04F79EFBC}") = "CRUDWeb", "CRUDWeb\CRUDWeb.csproj", "{8DF7FCD6-77A9-4F4F-A60F-39272111C322}"
EndProject
Global
	GlobalSection(SolutionConfigurationPlatforms) = preSolution
		Debug|Any CPU = Debug|Any CPU
		Release|Any CPU = Release|Any CPU
	EndGlobalSection
	GlobalSection(ProjectConfigurationPlatforms) = postSolution
		{8DF7FCD6-77A9-4F4F-A60F-39272111C322}.Debug|Any CPU.ActiveCfg = Debug|Any CPU
		{8DF7FCD6-77A9-4F4F-A60F-39272111C322}.Debug|Any CPU.Build.0 = Debug|Any CPU
		{8DF7FCD6-77A9-4F4F-A60F-39272111C322}.Release|Any CPU.ActiveCfg = Release|Any CPU
		{8DF7FCD6-77A9-4F4F-A60F-39272111C322}.Release|Any CPU.Build.0 = Release|Any CPU
	EndGlobalSection
	GlobalSection(SolutionProperties) = preSolution
		HideSolutionNode = FALSE
	EndGlobalSection
	GlobalSection(ExtensibilityGlobals) = postSolution
		SolutionGuid = {3B7134A2-128B-47C4-80DF-55F0FF3D5FDB}
	EndGlobalSection
EndGlobal
