
Microsoft Visual Studio Solution File, Format Version 12.00
# Visual Studio Version 16
VisualStudioVersion = 16.0.29519.181
MinimumVisualStudioVersion = 10.0.40219.1
Project("{FAE04EC0-301F-11D3-BF4B-00C04F79EFBC}") = "xml_persistant_model", "xml_persistant_model\xml_persistant_model.csproj", "{9E96D24D-0602-40F8-9143-3AC7332CCA47}"
EndProject
Global
	GlobalSection(SolutionConfigurationPlatforms) = preSolution
		Debug|Any CPU = Debug|Any CPU
		Release|Any CPU = Release|Any CPU
	EndGlobalSection
	GlobalSection(ProjectConfigurationPlatforms) = postSolution
		{9E96D24D-0602-40F8-9143-3AC7332CCA47}.Debug|Any CPU.ActiveCfg = Debug|Any CPU
		{9E96D24D-0602-40F8-9143-3AC7332CCA47}.Debug|Any CPU.Build.0 = Debug|Any CPU
		{9E96D24D-0602-40F8-9143-3AC7332CCA47}.Release|Any CPU.ActiveCfg = Release|Any CPU
		{9E96D24D-0602-40F8-9143-3AC7332CCA47}.Release|Any CPU.Build.0 = Release|Any CPU
	EndGlobalSection
	GlobalSection(SolutionProperties) = preSolution
		HideSolutionNode = FALSE
	EndGlobalSection
	GlobalSection(ExtensibilityGlobals) = postSolution
		SolutionGuid = {70C0FEDF-9366-4F18-AF32-167A1687295A}
	EndGlobalSection
EndGlobal
